
Microsoft Visual Studio Solution File, Format Version 12.00
# Visual Studio 14
VisualStudioVersion = 14.0.25123.0
MinimumVisualStudioVersion = 10.0.40219.1
Project("{4B7BA6C0-BED8-4474-BFFC-DFDFBB31ED4D}") = "Sitecore.Support.67710", "Sitecore.Support.67710\Sitecore.Support.67710.csproj", "{88B2E878-AD1D-430F-B14D-4BE3CD1D4108}"
EndProject
Global
	GlobalSection(SolutionConfigurationPlatforms) = preSolution
		Debug|Any CPU = Debug|Any CPU
		Release|Any CPU = Release|Any CPU
	EndGlobalSection
	GlobalSection(ProjectConfigurationPlatforms) = postSolution
		{88B2E878-AD1D-430F-B14D-4BE3CD1D4108}.Debug|Any CPU.ActiveCfg = Debug|Any CPU
		{88B2E878-AD1D-430F-B14D-4BE3CD1D4108}.Debug|Any CPU.Build.0 = Debug|Any CPU
		{88B2E878-AD1D-430F-B14D-4BE3CD1D4108}.Release|Any CPU.ActiveCfg = Release|Any CPU
		{88B2E878-AD1D-430F-B14D-4BE3CD1D4108}.Release|Any CPU.Build.0 = Release|Any CPU
	EndGlobalSection
	GlobalSection(SolutionProperties) = preSolution
		HideSolutionNode = FALSE
	EndGlobalSection
EndGlobal
